// !$*UTF8*$!
{
	archiveVersion = 1;
	classes = {
	};
	objectVersion = 56;
	objects = {

/* Begin PBXBuildFile section */
		50C5C4E42B7F3BC20028489B /* fast_rentApp.swift in Sources */ = {isa = PBXBuildFile; fileRef = 50C5C4E32B7F3BC20028489B /* fast_rentApp.swift */; };
		50C5C4E82B7F3BC40028489B /* Assets.xcassets in Resources */ = {isa = PBXBuildFile; fileRef = 50C5C4E72B7F3BC40028489B /* Assets.xcassets */; };
		50C5C4EB2B7F3BC40028489B /* Preview Assets.xcassets in Resources */ = {isa = PBXBuildFile; fileRef = 50C5C4EA2B7F3BC40028489B /* Preview Assets.xcassets */; };
		50C5C4F22B7F3BEC0028489B /* Swift.gitignore in Resources */ = {isa = PBXBuildFile; fileRef = 50C5C4F12B7F3BEC0028489B /* Swift.gitignore */; };
		50C5C4F42B7F3C6F0028489B /* README.md in Resources */ = {isa = PBXBuildFile; fileRef = 50C5C4F32B7F3C6F0028489B /* README.md */; };
		50C5C4F82B7F3CB50028489B /* ExploreView.swift in Sources */ = {isa = PBXBuildFile; fileRef = 50C5C4F72B7F3CB50028489B /* ExploreView.swift */; };
		50C5C4FA2B7F3CE50028489B /* WishlistsView.swift in Sources */ = {isa = PBXBuildFile; fileRef = 50C5C4F92B7F3CE50028489B /* WishlistsView.swift */; };
		50C5C4FC2B7F3CF90028489B /* MainTabView.swift in Sources */ = {isa = PBXBuildFile; fileRef = 50C5C4FB2B7F3CF90028489B /* MainTabView.swift */; };
		50C5C4FF2B7F3FB30028489B /* ListItemView.swift in Sources */ = {isa = PBXBuildFile; fileRef = 50C5C4FE2B7F3FB30028489B /* ListItemView.swift */; };
		50C5C5012B7F42BF0028489B /* CarouselView.swift in Sources */ = {isa = PBXBuildFile; fileRef = 50C5C5002B7F42BF0028489B /* CarouselView.swift */; };
/* End PBXBuildFile section */

/* Begin PBXFileReference section */
		50C5C4E02B7F3BC20028489B /* fast-rent.app */ = {isa = PBXFileReference; explicitFileType = wrapper.application; includeInIndex = 0; path = "fast-rent.app"; sourceTree = BUILT_PRODUCTS_DIR; };
		50C5C4E32B7F3BC20028489B /* fast_rentApp.swift */ = {isa = PBXFileReference; lastKnownFileType = sourcecode.swift; path = fast_rentApp.swift; sourceTree = "<group>"; };
		50C5C4E72B7F3BC40028489B /* Assets.xcassets */ = {isa = PBXFileReference; lastKnownFileType = folder.assetcatalog; path = Assets.xcassets; sourceTree = "<group>"; };
		50C5C4EA2B7F3BC40028489B /* Preview Assets.xcassets */ = {isa = PBXFileReference; lastKnownFileType = folder.assetcatalog; path = "Preview Assets.xcassets"; sourceTree = "<group>"; };
		50C5C4F12B7F3BEC0028489B /* Swift.gitignore */ = {isa = PBXFileReference; lastKnownFileType = text; path = Swift.gitignore; sourceTree = SOURCE_ROOT; };
		50C5C4F32B7F3C6F0028489B /* README.md */ = {isa = PBXFileReference; fileEncoding = 4; lastKnownFileType = net.daringfireball.markdown; path = README.md; sourceTree = SOURCE_ROOT; };
		50C5C4F72B7F3CB50028489B /* ExploreView.swift */ = {isa = PBXFileReference; lastKnownFileType = sourcecode.swift; path = ExploreView.swift; sourceTree = "<group>"; };
		50C5C4F92B7F3CE50028489B /* WishlistsView.swift */ = {isa = PBXFileReference; lastKnownFileType = sourcecode.swift; path = WishlistsView.swift; sourceTree = "<group>"; };
		50C5C4FB2B7F3CF90028489B /* MainTabView.swift */ = {isa = PBXFileReference; lastKnownFileType = sourcecode.swift; path = MainTabView.swift; sourceTree = "<group>"; };
		50C5C4FE2B7F3FB30028489B /* ListItemView.swift */ = {isa = PBXFileReference; lastKnownFileType = sourcecode.swift; path = ListItemView.swift; sourceTree = "<group>"; };
		50C5C5002B7F42BF0028489B /* CarouselView.swift */ = {isa = PBXFileReference; lastKnownFileType = sourcecode.swift; path = CarouselView.swift; sourceTree = "<group>"; };
/* End PBXFileReference section */

/* Begin PBXFrameworksBuildPhase section */
		50C5C4DD2B7F3BC20028489B /* Frameworks */ = {
			isa = PBXFrameworksBuildPhase;
			buildActionMask = 2147483647;
			files = (
			);
			runOnlyForDeploymentPostprocessing = 0;
		};
/* End PBXFrameworksBuildPhase section */

/* Begin PBXGroup section */
		50C5C4D72B7F3BC20028489B = {
			isa = PBXGroup;
			children = (
				50C5C4E22B7F3BC20028489B /* fast-rent */,
				50C5C4E12B7F3BC20028489B /* Products */,
			);
			sourceTree = "<group>";
		};
		50C5C4E12B7F3BC20028489B /* Products */ = {
			isa = PBXGroup;
			children = (
				50C5C4E02B7F3BC20028489B /* fast-rent.app */,
			);
			name = Products;
			sourceTree = "<group>";
		};
		50C5C4E22B7F3BC20028489B /* fast-rent */ = {
			isa = PBXGroup;
			children = (
				50C5C4FD2B7F3FA70028489B /* Components */,
				50C5C4F52B7F3C9A0028489B /* Views */,
				50C5C4F32B7F3C6F0028489B /* README.md */,
				50C5C4F12B7F3BEC0028489B /* Swift.gitignore */,
				50C5C4E32B7F3BC20028489B /* fast_rentApp.swift */,
				50C5C4E72B7F3BC40028489B /* Assets.xcassets */,
				50C5C4E92B7F3BC40028489B /* Preview Content */,
			);
			path = "fast-rent";
			sourceTree = "<group>";
		};
		50C5C4E92B7F3BC40028489B /* Preview Content */ = {
			isa = PBXGroup;
			children = (
				50C5C4EA2B7F3BC40028489B /* Preview Assets.xcassets */,
			);
			path = "Preview Content";
			sourceTree = "<group>";
		};
		50C5C4F52B7F3C9A0028489B /* Views */ = {
			isa = PBXGroup;
			children = (
				50C5C4F72B7F3CB50028489B /* ExploreView.swift */,
				50C5C4F92B7F3CE50028489B /* WishlistsView.swift */,
				50C5C4FB2B7F3CF90028489B /* MainTabView.swift */,
			);
			path = Views;
			sourceTree = "<group>";
		};
		50C5C4FD2B7F3FA70028489B /* Components */ = {
			isa = PBXGroup;
			children = (
				50C5C4FE2B7F3FB30028489B /* ListItemView.swift */,
				50C5C5002B7F42BF0028489B /* CarouselView.swift */,
			);
			path = Components;
			sourceTree = "<group>";
		};
/* End PBXGroup section */

/* Begin PBXNativeTarget section */
		50C5C4DF2B7F3BC20028489B /* fast-rent */ = {
			isa = PBXNativeTarget;
			buildConfigurationList = 50C5C4EE2B7F3BC40028489B /* Build configuration list for PBXNativeTarget "fast-rent" */;
			buildPhases = (
				50C5C4DC2B7F3BC20028489B /* Sources */,
				50C5C4DD2B7F3BC20028489B /* Frameworks */,
				50C5C4DE2B7F3BC20028489B /* Resources */,
			);
			buildRules = (
			);
			dependencies = (
			);
			name = "fast-rent";
			productName = "fast-rent";
			productReference = 50C5C4E02B7F3BC20028489B /* fast-rent.app */;
			productType = "com.apple.product-type.application";
		};
/* End PBXNativeTarget section */

/* Begin PBXProject section */
		50C5C4D82B7F3BC20028489B /* Project object */ = {
			isa = PBXProject;
			attributes = {
				BuildIndependentTargetsInParallel = 1;
				LastSwiftUpdateCheck = 1520;
				LastUpgradeCheck = 1520;
				TargetAttributes = {
					50C5C4DF2B7F3BC20028489B = {
						CreatedOnToolsVersion = 15.2;
					};
				};
			};
			buildConfigurationList = 50C5C4DB2B7F3BC20028489B /* Build configuration list for PBXProject "fast-rent" */;
			compatibilityVersion = "Xcode 14.0";
			developmentRegion = en;
			hasScannedForEncodings = 0;
			knownRegions = (
				en,
				Base,
			);
			mainGroup = 50C5C4D72B7F3BC20028489B;
			productRefGroup = 50C5C4E12B7F3BC20028489B /* Products */;
			projectDirPath = "";
			projectRoot = "";
			targets = (
				50C5C4DF2B7F3BC20028489B /* fast-rent */,
			);
		};
/* End PBXProject section */

/* Begin PBXResourcesBuildPhase section */
		50C5C4DE2B7F3BC20028489B /* Resources */ = {
			isa = PBXResourcesBuildPhase;
			buildActionMask = 2147483647;
			files = (
				50C5C4EB2B7F3BC40028489B /* Preview Assets.xcassets in Resources */,
				50C5C4E82B7F3BC40028489B /* Assets.xcassets in Resources */,
				50C5C4F42B7F3C6F0028489B /* README.md in Resources */,
				50C5C4F22B7F3BEC0028489B /* Swift.gitignore in Resources */,
			);
			runOnlyForDeploymentPostprocessing = 0;
		};
/* End PBXResourcesBuildPhase section */

/* Begin PBXSourcesBuildPhase section */
		50C5C4DC2B7F3BC20028489B /* Sources */ = {
			isa = PBXSourcesBuildPhase;
			buildActionMask = 2147483647;
			files = (
				50C5C4FF2B7F3FB30028489B /* ListItemView.swift in Sources */,
				50C5C4FC2B7F3CF90028489B /* MainTabView.swift in Sources */,
				50C5C4E42B7F3BC20028489B /* fast_rentApp.swift in Sources */,
				50C5C4F82B7F3CB50028489B /* ExploreView.swift in Sources */,
				50C5C5012B7F42BF0028489B /* CarouselView.swift in Sources */,
				50C5C4FA2B7F3CE50028489B /* WishlistsView.swift in Sources */,
			);
			runOnlyForDeploymentPostprocessing = 0;
		};
/* End PBXSourcesBuildPhase section */

/* Begin XCBuildConfiguration section */
		50C5C4EC2B7F3BC40028489B /* Debug */ = {
			isa = XCBuildConfiguration;
			buildSettings = {
				ALWAYS_SEARCH_USER_PATHS = NO;
				ASSETCATALOG_COMPILER_GENERATE_SWIFT_ASSET_SYMBOL_EXTENSIONS = YES;
				CLANG_ANALYZER_NONNULL = YES;
				CLANG_ANALYZER_NUMBER_OBJECT_CONVERSION = YES_AGGRESSIVE;
				CLANG_CXX_LANGUAGE_STANDARD = "gnu++20";
				CLANG_ENABLE_MODULES = YES;
				CLANG_ENABLE_OBJC_ARC = YES;
				CLANG_ENABLE_OBJC_WEAK = YES;
				CLANG_WARN_BLOCK_CAPTURE_AUTORELEASING = YES;
				CLANG_WARN_BOOL_CONVERSION = YES;
				CLANG_WARN_COMMA = YES;
				CLANG_WARN_CONSTANT_CONVERSION = YES;
				CLANG_WARN_DEPRECATED_OBJC_IMPLEMENTATIONS = YES;
				CLANG_WARN_DIRECT_OBJC_ISA_USAGE = YES_ERROR;
				CLANG_WARN_DOCUMENTATION_COMMENTS = YES;
				CLANG_WARN_EMPTY_BODY = YES;
				CLANG_WARN_ENUM_CONVERSION = YES;
				CLANG_WARN_INFINITE_RECURSION = YES;
				CLANG_WARN_INT_CONVERSION = YES;
				CLANG_WARN_NON_LITERAL_NULL_CONVERSION = YES;
				CLANG_WARN_OBJC_IMPLICIT_RETAIN_SELF = YES;
				CLANG_WARN_OBJC_LITERAL_CONVERSION = YES;
				CLANG_WARN_OBJC_ROOT_CLASS = YES_ERROR;
				CLANG_WARN_QUOTED_INCLUDE_IN_FRAMEWORK_HEADER = YES;
				CLANG_WARN_RANGE_LOOP_ANALYSIS = YES;
				CLANG_WARN_STRICT_PROTOTYPES = YES;
				CLANG_WARN_SUSPICIOUS_MOVE = YES;
				CLANG_WARN_UNGUARDED_AVAILABILITY = YES_AGGRESSIVE;
				CLANG_WARN_UNREACHABLE_CODE = YES;
				CLANG_WARN__DUPLICATE_METHOD_MATCH = YES;
				COPY_PHASE_STRIP = NO;
				DEBUG_INFORMATION_FORMAT = dwarf;
				ENABLE_STRICT_OBJC_MSGSEND = YES;
				ENABLE_TESTABILITY = YES;
				ENABLE_USER_SCRIPT_SANDBOXING = YES;
				GCC_C_LANGUAGE_STANDARD = gnu17;
				GCC_DYNAMIC_NO_PIC = NO;
				GCC_NO_COMMON_BLOCKS = YES;
				GCC_OPTIMIZATION_LEVEL = 0;
				GCC_PREPROCESSOR_DEFINITIONS = (
					"DEBUG=1",
					"$(inherited)",
				);
				GCC_WARN_64_TO_32_BIT_CONVERSION = YES;
				GCC_WARN_ABOUT_RETURN_TYPE = YES_ERROR;
				GCC_WARN_UNDECLARED_SELECTOR = YES;
				GCC_WARN_UNINITIALIZED_AUTOS = YES_AGGRESSIVE;
				GCC_WARN_UNUSED_FUNCTION = YES;
				GCC_WARN_UNUSED_VARIABLE = YES;
				IPHONEOS_DEPLOYMENT_TARGET = 17.2;
				LOCALIZATION_PREFERS_STRING_CATALOGS = YES;
				MTL_ENABLE_DEBUG_INFO = INCLUDE_SOURCE;
				MTL_FAST_MATH = YES;
				ONLY_ACTIVE_ARCH = YES;
				SDKROOT = iphoneos;
				SWIFT_ACTIVE_COMPILATION_CONDITIONS = "DEBUG $(inherited)";
				SWIFT_OPTIMIZATION_LEVEL = "-Onone";
			};
			name = Debug;
		};
		50C5C4ED2B7F3BC40028489B /* Release */ = {
			isa = XCBuildConfiguration;
			buildSettings = {
				ALWAYS_SEARCH_USER_PATHS = NO;
				ASSETCATALOG_COMPILER_GENERATE_SWIFT_ASSET_SYMBOL_EXTENSIONS = YES;
				CLANG_ANALYZER_NONNULL = YES;
				CLANG_ANALYZER_NUMBER_OBJECT_CONVERSION = YES_AGGRESSIVE;
				CLANG_CXX_LANGUAGE_STANDARD = "gnu++20";
				CLANG_ENABLE_MODULES = YES;
				CLANG_ENABLE_OBJC_ARC = YES;
				CLANG_ENABLE_OBJC_WEAK = YES;
				CLANG_WARN_BLOCK_CAPTURE_AUTORELEASING = YES;
				CLANG_WARN_BOOL_CONVERSION = YES;
				CLANG_WARN_COMMA = YES;
				CLANG_WARN_CONSTANT_CONVERSION = YES;
				CLANG_WARN_DEPRECATED_OBJC_IMPLEMENTATIONS = YES;
				CLANG_WARN_DIRECT_OBJC_ISA_USAGE = YES_ERROR;
				CLANG_WARN_DOCUMENTATION_COMMENTS = YES;
				CLANG_WARN_EMPTY_BODY = YES;
				CLANG_WARN_ENUM_CONVERSION = YES;
				CLANG_WARN_INFINITE_RECURSION = YES;
				CLANG_WARN_INT_CONVERSION = YES;
				CLANG_WARN_NON_LITERAL_NULL_CONVERSION = YES;
				CLANG_WARN_OBJC_IMPLICIT_RETAIN_SELF = YES;
				CLANG_WARN_OBJC_LITERAL_CONVERSION = YES;
				CLANG_WARN_OBJC_ROOT_CLASS = YES_ERROR;
				CLANG_WARN_QUOTED_INCLUDE_IN_FRAMEWORK_HEADER = YES;
				CLANG_WARN_RANGE_LOOP_ANALYSIS = YES;
				CLANG_WARN_STRICT_PROTOTYPES = YES;
				CLANG_WARN_SUSPICIOUS_MOVE = YES;
				CLANG_WARN_UNGUARDED_AVAILABILITY = YES_AGGRESSIVE;
				CLANG_WARN_UNREACHABLE_CODE = YES;
				CLANG_WARN__DUPLICATE_METHOD_MATCH = YES;
				COPY_PHASE_STRIP = NO;
				DEBUG_INFORMATION_FORMAT = "dwarf-with-dsym";
				ENABLE_NS_ASSERTIONS = NO;
				ENABLE_STRICT_OBJC_MSGSEND = YES;
				ENABLE_USER_SCRIPT_SANDBOXING = YES;
				GCC_C_LANGUAGE_STANDARD = gnu17;
				GCC_NO_COMMON_BLOCKS = YES;
				GCC_WARN_64_TO_32_BIT_CONVERSION = YES;
				GCC_WARN_ABOUT_RETURN_TYPE = YES_ERROR;
				GCC_WARN_UNDECLARED_SELECTOR = YES;
				GCC_WARN_UNINITIALIZED_AUTOS = YES_AGGRESSIVE;
				GCC_WARN_UNUSED_FUNCTION = YES;
				GCC_WARN_UNUSED_VARIABLE = YES;
				IPHONEOS_DEPLOYMENT_TARGET = 17.2;
				LOCALIZATION_PREFERS_STRING_CATALOGS = YES;
				MTL_ENABLE_DEBUG_INFO = NO;
				MTL_FAST_MATH = YES;
				SDKROOT = iphoneos;
				SWIFT_COMPILATION_MODE = wholemodule;
				VALIDATE_PRODUCT = YES;
			};
			name = Release;
		};
		50C5C4EF2B7F3BC40028489B /* Debug */ = {
			isa = XCBuildConfiguration;
			buildSettings = {
				ASSETCATALOG_COMPILER_APPICON_NAME = AppIcon;
				ASSETCATALOG_COMPILER_GLOBAL_ACCENT_COLOR_NAME = AccentColor;
				CODE_SIGN_STYLE = Automatic;
				CURRENT_PROJECT_VERSION = 1;
				DEVELOPMENT_ASSET_PATHS = "\"fast-rent/Preview Content\"";
				DEVELOPMENT_TEAM = CVMRKSHVBB;
				ENABLE_PREVIEWS = YES;
				GENERATE_INFOPLIST_FILE = YES;
				INFOPLIST_KEY_UIApplicationSceneManifest_Generation = YES;
				INFOPLIST_KEY_UIApplicationSupportsIndirectInputEvents = YES;
				INFOPLIST_KEY_UILaunchScreen_Generation = YES;
				INFOPLIST_KEY_UISupportedInterfaceOrientations_iPad = "UIInterfaceOrientationPortrait UIInterfaceOrientationPortraitUpsideDown UIInterfaceOrientationLandscapeLeft UIInterfaceOrientationLandscapeRight";
				INFOPLIST_KEY_UISupportedInterfaceOrientations_iPhone = "UIInterfaceOrientationPortrait UIInterfaceOrientationLandscapeLeft UIInterfaceOrientationLandscapeRight";
				LD_RUNPATH_SEARCH_PATHS = (
					"$(inherited)",
					"@executable_path/Frameworks",
				);
				MARKETING_VERSION = 1.0;
				PRODUCT_BUNDLE_IDENTIFIER = "com.yunhao.fast-rent";
				PRODUCT_NAME = "$(TARGET_NAME)";
				SWIFT_EMIT_LOC_STRINGS = YES;
				SWIFT_VERSION = 5.0;
				TARGETED_DEVICE_FAMILY = "1,2";
			};
			name = Debug;
		};
		50C5C4F02B7F3BC40028489B /* Release */ = {
			isa = XCBuildConfiguration;
			buildSettings = {
				ASSETCATALOG_COMPILER_APPICON_NAME = AppIcon;
				ASSETCATALOG_COMPILER_GLOBAL_ACCENT_COLOR_NAME = AccentColor;
				CODE_SIGN_STYLE = Automatic;
				CURRENT_PROJECT_VERSION = 1;
				DEVELOPMENT_ASSET_PATHS = "\"fast-rent/Preview Content\"";
				DEVELOPMENT_TEAM = CVMRKSHVBB;
				ENABLE_PREVIEWS = YES;
				GENERATE_INFOPLIST_FILE = YES;
				INFOPLIST_KEY_UIApplicationSceneManifest_Generation = YES;
				INFOPLIST_KEY_UIApplicationSupportsIndirectInputEvents = YES;
				INFOPLIST_KEY_UILaunchScreen_Generation = YES;
				INFOPLIST_KEY_UISupportedInterfaceOrientations_iPad = "UIInterfaceOrientationPortrait UIInterfaceOrientationPortraitUpsideDown UIInterfaceOrientationLandscapeLeft UIInterfaceOrientationLandscapeRight";
				INFOPLIST_KEY_UISupportedInterfaceOrientations_iPhone = "UIInterfaceOrientationPortrait UIInterfaceOrientationLandscapeLeft UIInterfaceOrientationLandscapeRight";
				LD_RUNPATH_SEARCH_PATHS = (
					"$(inherited)",
					"@executable_path/Frameworks",
				);
				MARKETING_VERSION = 1.0;
				PRODUCT_BUNDLE_IDENTIFIER = "com.yunhao.fast-rent";
				PRODUCT_NAME = "$(TARGET_NAME)";
				SWIFT_EMIT_LOC_STRINGS = YES;
				SWIFT_VERSION = 5.0;
				TARGETED_DEVICE_FAMILY = "1,2";
			};
			name = Release;
		};
/* End XCBuildConfiguration section */

/* Begin XCConfigurationList section */
		50C5C4DB2B7F3BC20028489B /* Build configuration list for PBXProject "fast-rent" */ = {
			isa = XCConfigurationList;
			buildConfigurations = (
				50C5C4EC2B7F3BC40028489B /* Debug */,
				50C5C4ED2B7F3BC40028489B /* Release */,
			);
			defaultConfigurationIsVisible = 0;
			defaultConfigurationName = Release;
		};
		50C5C4EE2B7F3BC40028489B /* Build configuration list for PBXNativeTarget "fast-rent" */ = {
			isa = XCConfigurationList;
			buildConfigurations = (
				50C5C4EF2B7F3BC40028489B /* Debug */,
				50C5C4F02B7F3BC40028489B /* Release */,
			);
			defaultConfigurationIsVisible = 0;
			defaultConfigurationName = Release;
		};
/* End XCConfigurationList section */
	};
	rootObject = 50C5C4D82B7F3BC20028489B /* Project object */;
}
